
Microsoft Visual Studio Solution File, Format Version 12.00
# Visual Studio Version 17
VisualStudioVersion = 17.7.34221.43
MinimumVisualStudioVersion = 10.0.40219.1
Project("{888888A0-9F3D-457C-B088-3A5042F75D52}") = "game 1", "game 1.pyproj", "{BAB03A58-E904-43F4-BF88-1940C5431548}"
EndProject
Global
	GlobalSection(SolutionConfigurationPlatforms) = preSolution
		Debug|Any CPU = Debug|Any CPU
		Release|Any CPU = Release|Any CPU
	EndGlobalSection
	GlobalSection(ProjectConfigurationPlatforms) = postSolution
		{BAB03A58-E904-43F4-BF88-1940C5431548}.Debug|Any CPU.ActiveCfg = Debug|Any CPU
		{BAB03A58-E904-43F4-BF88-1940C5431548}.Release|Any CPU.ActiveCfg = Release|Any CPU
	EndGlobalSection
	GlobalSection(SolutionProperties) = preSolution
		HideSolutionNode = FALSE
	EndGlobalSection
	GlobalSection(ExtensibilityGlobals) = postSolution
		SolutionGuid = {2D1BA3CC-1FFD-4186-8994-F800777C8D5E}
	EndGlobalSection
EndGlobal
